// !$*UTF8*$!
{
	archiveVersion = 1;
	classes = {
	};
	objectVersion = 51;
	objects = {

/* Begin PBXBuildFile section */
		DF201A02235817A3006E663D /* LoginController.swift in Sources */ = {isa = PBXBuildFile; fileRef = DF201A00235817A2006E663D /* LoginController.swift */; };
		DF201A0423581D37006E663D /* LoginViewModel.swift in Sources */ = {isa = PBXBuildFile; fileRef = DF201A0323581D37006E663D /* LoginViewModel.swift */; };
		DF50AE122362C1C800918593 /* SendMessageButton.swift in Sources */ = {isa = PBXBuildFile; fileRef = DF50AE112362C1C800918593 /* SendMessageButton.swift */; };
		DF50AE142362CD1600918593 /* KeepSwipingButton.swift in Sources */ = {isa = PBXBuildFile; fileRef = DF50AE132362CD1600918593 /* KeepSwipingButton.swift */; };
		DF524FD72366E49900A689E8 /* ChatLogController.swift in Sources */ = {isa = PBXBuildFile; fileRef = DF524FD62366E49900A689E8 /* ChatLogController.swift */; };
		DF524FD92366F64100A689E8 /* MessagesNavBar.swift in Sources */ = {isa = PBXBuildFile; fileRef = DF524FD82366F64100A689E8 /* MessagesNavBar.swift */; };
		DF524FDC23697B8500A689E8 /* Message.swift in Sources */ = {isa = PBXBuildFile; fileRef = DF524FDB23697B8500A689E8 /* Message.swift */; };
		DF524FDE23697BF400A689E8 /* MessageCell.swift in Sources */ = {isa = PBXBuildFile; fileRef = DF524FDD23697BF400A689E8 /* MessageCell.swift */; };
		DF524FE023697C6B00A689E8 /* CustomTextView.swift in Sources */ = {isa = PBXBuildFile; fileRef = DF524FDF23697C6B00A689E8 /* CustomTextView.swift */; };
		DF524FE22369812D00A689E8 /* Match.swift in Sources */ = {isa = PBXBuildFile; fileRef = DF524FE12369812D00A689E8 /* Match.swift */; };
		DF524FE5236994B800A689E8 /* MatchesHorizontalController.swift in Sources */ = {isa = PBXBuildFile; fileRef = DF524FE4236994B800A689E8 /* MatchesHorizontalController.swift */; };
		DF524FE72369954B00A689E8 /* MatchesHeader.swift in Sources */ = {isa = PBXBuildFile; fileRef = DF524FE62369954B00A689E8 /* MatchesHeader.swift */; };
		DF524FE92369AEA300A689E8 /* RecentMatchesCell.swift in Sources */ = {isa = PBXBuildFile; fileRef = DF524FE82369AEA300A689E8 /* RecentMatchesCell.swift */; };
		DF561ACA2349BA330014F909 /* AppDelegate.swift in Sources */ = {isa = PBXBuildFile; fileRef = DF561AC92349BA330014F909 /* AppDelegate.swift */; };
		DF561ACC2349BA330014F909 /* SceneDelegate.swift in Sources */ = {isa = PBXBuildFile; fileRef = DF561ACB2349BA330014F909 /* SceneDelegate.swift */; };
		DF561ACE2349BA330014F909 /* HomeController.swift in Sources */ = {isa = PBXBuildFile; fileRef = DF561ACD2349BA330014F909 /* HomeController.swift */; };
		DF561AD12349BA330014F909 /* Main.storyboard in Resources */ = {isa = PBXBuildFile; fileRef = DF561ACF2349BA330014F909 /* Main.storyboard */; };
		DF561AD32349BA350014F909 /* Assets.xcassets in Resources */ = {isa = PBXBuildFile; fileRef = DF561AD22349BA350014F909 /* Assets.xcassets */; };
		DF561AD62349BA350014F909 /* LaunchScreen.storyboard in Resources */ = {isa = PBXBuildFile; fileRef = DF561AD42349BA350014F909 /* LaunchScreen.storyboard */; };
		DF561AE22349D0080014F909 /* HomeBottomControlStackView.swift in Sources */ = {isa = PBXBuildFile; fileRef = DF561AE12349D0080014F909 /* HomeBottomControlStackView.swift */; };
		DF561AE42349F31B0014F909 /* TopNavigationStackView.swift in Sources */ = {isa = PBXBuildFile; fileRef = DF561AE32349F31B0014F909 /* TopNavigationStackView.swift */; };
		DF561AE6234B58480014F909 /* CardView.swift in Sources */ = {isa = PBXBuildFile; fileRef = DF561AE5234B58480014F909 /* CardView.swift */; };
		DF561AE9234C901E0014F909 /* User.swift in Sources */ = {isa = PBXBuildFile; fileRef = DF561AE8234C901E0014F909 /* User.swift */; };
		DF561AED234C9F570014F909 /* CardViewModel.swift in Sources */ = {isa = PBXBuildFile; fileRef = DF561AEC234C9F570014F909 /* CardViewModel.swift */; };
		DF561AEF234DBC6A0014F909 /* Advertiser.swift in Sources */ = {isa = PBXBuildFile; fileRef = DF561AEE234DBC6A0014F909 /* Advertiser.swift */; };
		DF561AF1234F35320014F909 /* RegistrationController.swift in Sources */ = {isa = PBXBuildFile; fileRef = DF561AF0234F35320014F909 /* RegistrationController.swift */; };
		DF561AF3234F43D90014F909 /* CustomTextField.swift in Sources */ = {isa = PBXBuildFile; fileRef = DF561AF2234F43D90014F909 /* CustomTextField.swift */; };
		DF561AF52350A1860014F909 /* RegistrationViewModel.swift in Sources */ = {isa = PBXBuildFile; fileRef = DF561AF42350A1860014F909 /* RegistrationViewModel.swift */; };
		DF561AF723530EE90014F909 /* GoogleService-Info.plist in Resources */ = {isa = PBXBuildFile; fileRef = DF561AF623530EE90014F909 /* GoogleService-Info.plist */; };
		DF561AF92353402E0014F909 /* Bindable.swift in Sources */ = {isa = PBXBuildFile; fileRef = DF561AF82353402E0014F909 /* Bindable.swift */; };
		DF561AFB23541D590014F909 /* ProgressHUD.swift in Sources */ = {isa = PBXBuildFile; fileRef = DF561AFA23541D590014F909 /* ProgressHUD.swift */; };
		DF561AFD2355734C0014F909 /* SettingsController.swift in Sources */ = {isa = PBXBuildFile; fileRef = DF561AFC2355734C0014F909 /* SettingsController.swift */; };
		DF561AFF2355B2680014F909 /* SettingCell.swift in Sources */ = {isa = PBXBuildFile; fileRef = DF561AFE2355B2680014F909 /* SettingCell.swift */; };
		DF561B012356AF740014F909 /* AgeRangeCell.swift in Sources */ = {isa = PBXBuildFile; fileRef = DF561B002356AF740014F909 /* AgeRangeCell.swift */; };
		DF6D67CD2364452900201239 /* Pods_Tinder_App.framework in Frameworks */ = {isa = PBXBuildFile; fileRef = 02681ED88248D2519A652EA8 /* Pods_Tinder_App.framework */; };
		DF6D67CE2364452900201239 /* Pods_Tinder_App.framework in Embed Frameworks */ = {isa = PBXBuildFile; fileRef = 02681ED88248D2519A652EA8 /* Pods_Tinder_App.framework */; settings = {ATTRIBUTES = (CodeSignOnCopy, RemoveHeadersOnCopy, ); }; };
		DF6D67D123644CFE00201239 /* MatchesMessagesController.swift in Sources */ = {isa = PBXBuildFile; fileRef = DF6D67D023644CFE00201239 /* MatchesMessagesController.swift */; };
		DF6D67D323653B7E00201239 /* MatchesNavBar.swift in Sources */ = {isa = PBXBuildFile; fileRef = DF6D67D223653B7E00201239 /* MatchesNavBar.swift */; };
		DF6D67D523653F3700201239 /* MatchCell.swift in Sources */ = {isa = PBXBuildFile; fileRef = DF6D67D423653F3700201239 /* MatchCell.swift */; };
		DF6D67DA23659EA900201239 /* Log<T>.swift in Sources */ = {isa = PBXBuildFile; fileRef = DF6D67D923659EA900201239 /* Log<T>.swift */; };
		DF82A6142359D7BD00C6BDDB /* UserDetailController.swift in Sources */ = {isa = PBXBuildFile; fileRef = DF82A6132359D7BD00C6BDDB /* UserDetailController.swift */; };
		DF82A616235BFC9E00C6BDDB /* SwipingPhotosController.swift in Sources */ = {isa = PBXBuildFile; fileRef = DF82A615235BFC9E00C6BDDB /* SwipingPhotosController.swift */; };
		DF82A6182361B0B500C6BDDB /* MatchView.swift in Sources */ = {isa = PBXBuildFile; fileRef = DF82A6172361B0B500C6BDDB /* MatchView.swift */; };
/* End PBXBuildFile section */

/* Begin PBXCopyFilesBuildPhase section */
		DF6D67CF2364452900201239 /* Embed Frameworks */ = {
			isa = PBXCopyFilesBuildPhase;
			buildActionMask = 2147483647;
			dstPath = "";
			dstSubfolderSpec = 10;
			files = (
				DF6D67CE2364452900201239 /* Pods_Tinder_App.framework in Embed Frameworks */,
			);
			name = "Embed Frameworks";
			runOnlyForDeploymentPostprocessing = 0;
		};
/* End PBXCopyFilesBuildPhase section */

/* Begin PBXFileReference section */
		02681ED88248D2519A652EA8 /* Pods_Tinder_App.framework */ = {isa = PBXFileReference; explicitFileType = wrapper.framework; includeInIndex = 0; path = Pods_Tinder_App.framework; sourceTree = BUILT_PRODUCTS_DIR; };
		2D3D8FB7B2B7605DB6B34219 /* Pods-Tinder-App.release.xcconfig */ = {isa = PBXFileReference; includeInIndex = 1; lastKnownFileType = text.xcconfig; name = "Pods-Tinder-App.release.xcconfig"; path = "Target Support Files/Pods-Tinder-App/Pods-Tinder-App.release.xcconfig"; sourceTree = "<group>"; };
		4827C1DB6D667CD6485126ED /* Pods-Tinder-App.debug.xcconfig */ = {isa = PBXFileReference; includeInIndex = 1; lastKnownFileType = text.xcconfig; name = "Pods-Tinder-App.debug.xcconfig"; path = "Target Support Files/Pods-Tinder-App/Pods-Tinder-App.debug.xcconfig"; sourceTree = "<group>"; };
		DF201A00235817A2006E663D /* LoginController.swift */ = {isa = PBXFileReference; fileEncoding = 4; lastKnownFileType = sourcecode.swift; path = LoginController.swift; sourceTree = "<group>"; };
		DF201A0323581D37006E663D /* LoginViewModel.swift */ = {isa = PBXFileReference; fileEncoding = 4; lastKnownFileType = sourcecode.swift; path = LoginViewModel.swift; sourceTree = "<group>"; };
		DF50AE112362C1C800918593 /* SendMessageButton.swift */ = {isa = PBXFileReference; lastKnownFileType = sourcecode.swift; path = SendMessageButton.swift; sourceTree = "<group>"; };
		DF50AE132362CD1600918593 /* KeepSwipingButton.swift */ = {isa = PBXFileReference; lastKnownFileType = sourcecode.swift; path = KeepSwipingButton.swift; sourceTree = "<group>"; };
		DF524FD62366E49900A689E8 /* ChatLogController.swift */ = {isa = PBXFileReference; lastKnownFileType = sourcecode.swift; path = ChatLogController.swift; sourceTree = "<group>"; };
		DF524FD82366F64100A689E8 /* MessagesNavBar.swift */ = {isa = PBXFileReference; lastKnownFileType = sourcecode.swift; path = MessagesNavBar.swift; sourceTree = "<group>"; };
		DF524FDB23697B8500A689E8 /* Message.swift */ = {isa = PBXFileReference; lastKnownFileType = sourcecode.swift; path = Message.swift; sourceTree = "<group>"; };
		DF524FDD23697BF400A689E8 /* MessageCell.swift */ = {isa = PBXFileReference; lastKnownFileType = sourcecode.swift; path = MessageCell.swift; sourceTree = "<group>"; };
		DF524FDF23697C6B00A689E8 /* CustomTextView.swift */ = {isa = PBXFileReference; lastKnownFileType = sourcecode.swift; path = CustomTextView.swift; sourceTree = "<group>"; };
		DF524FE12369812D00A689E8 /* Match.swift */ = {isa = PBXFileReference; lastKnownFileType = sourcecode.swift; path = Match.swift; sourceTree = "<group>"; };
		DF524FE4236994B800A689E8 /* MatchesHorizontalController.swift */ = {isa = PBXFileReference; lastKnownFileType = sourcecode.swift; path = MatchesHorizontalController.swift; sourceTree = "<group>"; };
		DF524FE62369954B00A689E8 /* MatchesHeader.swift */ = {isa = PBXFileReference; lastKnownFileType = sourcecode.swift; path = MatchesHeader.swift; sourceTree = "<group>"; };
		DF524FE82369AEA300A689E8 /* RecentMatchesCell.swift */ = {isa = PBXFileReference; lastKnownFileType = sourcecode.swift; path = RecentMatchesCell.swift; sourceTree = "<group>"; };
		DF561AC62349BA330014F909 /* Tinder-App.app */ = {isa = PBXFileReference; explicitFileType = wrapper.application; includeInIndex = 0; path = "Tinder-App.app"; sourceTree = BUILT_PRODUCTS_DIR; };
		DF561AC92349BA330014F909 /* AppDelegate.swift */ = {isa = PBXFileReference; lastKnownFileType = sourcecode.swift; path = AppDelegate.swift; sourceTree = "<group>"; };
		DF561ACB2349BA330014F909 /* SceneDelegate.swift */ = {isa = PBXFileReference; lastKnownFileType = sourcecode.swift; path = SceneDelegate.swift; sourceTree = "<group>"; };
		DF561ACD2349BA330014F909 /* HomeController.swift */ = {isa = PBXFileReference; lastKnownFileType = sourcecode.swift; path = HomeController.swift; sourceTree = "<group>"; };
		DF561AD02349BA330014F909 /* Base */ = {isa = PBXFileReference; lastKnownFileType = file.storyboard; name = Base; path = Base.lproj/Main.storyboard; sourceTree = "<group>"; };
		DF561AD22349BA350014F909 /* Assets.xcassets */ = {isa = PBXFileReference; lastKnownFileType = folder.assetcatalog; path = Assets.xcassets; sourceTree = "<group>"; };
		DF561AD52349BA350014F909 /* Base */ = {isa = PBXFileReference; lastKnownFileType = file.storyboard; name = Base; path = Base.lproj/LaunchScreen.storyboard; sourceTree = "<group>"; };
		DF561AD72349BA350014F909 /* Info.plist */ = {isa = PBXFileReference; lastKnownFileType = text.plist.xml; path = Info.plist; sourceTree = "<group>"; };
		DF561AE12349D0080014F909 /* HomeBottomControlStackView.swift */ = {isa = PBXFileReference; lastKnownFileType = sourcecode.swift; path = HomeBottomControlStackView.swift; sourceTree = "<group>"; };
		DF561AE32349F31B0014F909 /* TopNavigationStackView.swift */ = {isa = PBXFileReference; lastKnownFileType = sourcecode.swift; path = TopNavigationStackView.swift; sourceTree = "<group>"; };
		DF561AE5234B58480014F909 /* CardView.swift */ = {isa = PBXFileReference; lastKnownFileType = sourcecode.swift; path = CardView.swift; sourceTree = "<group>"; };
		DF561AE8234C901E0014F909 /* User.swift */ = {isa = PBXFileReference; lastKnownFileType = sourcecode.swift; path = User.swift; sourceTree = "<group>"; };
		DF561AEC234C9F570014F909 /* CardViewModel.swift */ = {isa = PBXFileReference; lastKnownFileType = sourcecode.swift; path = CardViewModel.swift; sourceTree = "<group>"; };
		DF561AEE234DBC6A0014F909 /* Advertiser.swift */ = {isa = PBXFileReference; lastKnownFileType = sourcecode.swift; path = Advertiser.swift; sourceTree = "<group>"; };
		DF561AF0234F35320014F909 /* RegistrationController.swift */ = {isa = PBXFileReference; lastKnownFileType = sourcecode.swift; path = RegistrationController.swift; sourceTree = "<group>"; };
		DF561AF2234F43D90014F909 /* CustomTextField.swift */ = {isa = PBXFileReference; lastKnownFileType = sourcecode.swift; path = CustomTextField.swift; sourceTree = "<group>"; };
		DF561AF42350A1860014F909 /* RegistrationViewModel.swift */ = {isa = PBXFileReference; lastKnownFileType = sourcecode.swift; path = RegistrationViewModel.swift; sourceTree = "<group>"; };
		DF561AF623530EE90014F909 /* GoogleService-Info.plist */ = {isa = PBXFileReference; fileEncoding = 4; lastKnownFileType = text.plist.xml; path = "GoogleService-Info.plist"; sourceTree = "<group>"; };
		DF561AF82353402E0014F909 /* Bindable.swift */ = {isa = PBXFileReference; lastKnownFileType = sourcecode.swift; path = Bindable.swift; sourceTree = "<group>"; };
		DF561AFA23541D590014F909 /* ProgressHUD.swift */ = {isa = PBXFileReference; lastKnownFileType = sourcecode.swift; path = ProgressHUD.swift; sourceTree = "<group>"; };
		DF561AFC2355734C0014F909 /* SettingsController.swift */ = {isa = PBXFileReference; lastKnownFileType = sourcecode.swift; path = SettingsController.swift; sourceTree = "<group>"; };
		DF561AFE2355B2680014F909 /* SettingCell.swift */ = {isa = PBXFileReference; lastKnownFileType = sourcecode.swift; path = SettingCell.swift; sourceTree = "<group>"; };
		DF561B002356AF740014F909 /* AgeRangeCell.swift */ = {isa = PBXFileReference; lastKnownFileType = sourcecode.swift; path = AgeRangeCell.swift; sourceTree = "<group>"; };
		DF6D67D023644CFE00201239 /* MatchesMessagesController.swift */ = {isa = PBXFileReference; lastKnownFileType = sourcecode.swift; path = MatchesMessagesController.swift; sourceTree = "<group>"; };
		DF6D67D223653B7E00201239 /* MatchesNavBar.swift */ = {isa = PBXFileReference; lastKnownFileType = sourcecode.swift; path = MatchesNavBar.swift; sourceTree = "<group>"; };
		DF6D67D423653F3700201239 /* MatchCell.swift */ = {isa = PBXFileReference; lastKnownFileType = sourcecode.swift; path = MatchCell.swift; sourceTree = "<group>"; };
		DF6D67D923659EA900201239 /* Log<T>.swift */ = {isa = PBXFileReference; fileEncoding = 4; lastKnownFileType = sourcecode.swift; path = "Log<T>.swift"; sourceTree = "<group>"; };
		DF82A6132359D7BD00C6BDDB /* UserDetailController.swift */ = {isa = PBXFileReference; lastKnownFileType = sourcecode.swift; path = UserDetailController.swift; sourceTree = "<group>"; };
		DF82A615235BFC9E00C6BDDB /* SwipingPhotosController.swift */ = {isa = PBXFileReference; lastKnownFileType = sourcecode.swift; path = SwipingPhotosController.swift; sourceTree = "<group>"; };
		DF82A6172361B0B500C6BDDB /* MatchView.swift */ = {isa = PBXFileReference; lastKnownFileType = sourcecode.swift; path = MatchView.swift; sourceTree = "<group>"; };
/* End PBXFileReference section */

/* Begin PBXFrameworksBuildPhase section */
		DF561AC32349BA330014F909 /* Frameworks */ = {
			isa = PBXFrameworksBuildPhase;
			buildActionMask = 2147483647;
			files = (
				DF6D67CD2364452900201239 /* Pods_Tinder_App.framework in Frameworks */,
			);
			runOnlyForDeploymentPostprocessing = 0;
		};
/* End PBXFrameworksBuildPhase section */

/* Begin PBXGroup section */
		5A95A1AB788EC5F155D8331E /* Pods */ = {
			isa = PBXGroup;
			children = (
				4827C1DB6D667CD6485126ED /* Pods-Tinder-App.debug.xcconfig */,
				2D3D8FB7B2B7605DB6B34219 /* Pods-Tinder-App.release.xcconfig */,
			);
			path = Pods;
			sourceTree = "<group>";
		};
		B6BE363481D1788286D41784 /* Frameworks */ = {
			isa = PBXGroup;
			children = (
				02681ED88248D2519A652EA8 /* Pods_Tinder_App.framework */,
			);
			name = Frameworks;
			sourceTree = "<group>";
		};
		DF50AE1523630B7D00918593 /* MatchView */ = {
			isa = PBXGroup;
			children = (
				DF82A6172361B0B500C6BDDB /* MatchView.swift */,
				DF50AE112362C1C800918593 /* SendMessageButton.swift */,
				DF50AE132362CD1600918593 /* KeepSwipingButton.swift */,
			);
			path = MatchView;
			sourceTree = "<group>";
		};
		DF50AE1623630BAC00918593 /* Settings */ = {
			isa = PBXGroup;
			children = (
				DF561B002356AF740014F909 /* AgeRangeCell.swift */,
				DF561AFE2355B2680014F909 /* SettingCell.swift */,
			);
			path = Settings;
			sourceTree = "<group>";
		};
		DF50AE1723630BCF00918593 /* Home */ = {
			isa = PBXGroup;
			children = (
				DF82A615235BFC9E00C6BDDB /* SwipingPhotosController.swift */,
				DF561AE32349F31B0014F909 /* TopNavigationStackView.swift */,
				DF561AE5234B58480014F909 /* CardView.swift */,
				DF561AE12349D0080014F909 /* HomeBottomControlStackView.swift */,
			);
			path = Home;
			sourceTree = "<group>";
		};
		DF524FDA23697B4A00A689E8 /* Message */ = {
			isa = PBXGroup;
			children = (
				DF524FD82366F64100A689E8 /* MessagesNavBar.swift */,
				DF524FDD23697BF400A689E8 /* MessageCell.swift */,
				DF524FDF23697C6B00A689E8 /* CustomTextView.swift */,
			);
			path = Message;
			sourceTree = "<group>";
		};
		DF524FEA2369AF0700A689E8 /* HorizontalMatchView */ = {
			isa = PBXGroup;
			children = (
				DF6D67D423653F3700201239 /* MatchCell.swift */,
			);
			path = HorizontalMatchView;
			sourceTree = "<group>";
		};
		DF561ABD2349BA330014F909 = {
			isa = PBXGroup;
			children = (
				DF561AC82349BA330014F909 /* Tinder-App */,
				DF561AC72349BA330014F909 /* Products */,
				5A95A1AB788EC5F155D8331E /* Pods */,
				B6BE363481D1788286D41784 /* Frameworks */,
			);
			sourceTree = "<group>";
		};
		DF561AC72349BA330014F909 /* Products */ = {
			isa = PBXGroup;
			children = (
				DF561AC62349BA330014F909 /* Tinder-App.app */,
			);
			name = Products;
			sourceTree = "<group>";
		};
		DF561AC82349BA330014F909 /* Tinder-App */ = {
			isa = PBXGroup;
			children = (
				DF561AEB234C9F180014F909 /* ViewModels */,
				DF561AEA234C9E670014F909 /* Controllers */,
				DF561AE7234C90090014F909 /* Model */,
				DF561AE02349CF2F0014F909 /* Views */,
				DF561ADD2349BF610014F909 /* Extension */,
				DF561ACB2349BA330014F909 /* SceneDelegate.swift */,
				DF561AC92349BA330014F909 /* AppDelegate.swift */,
				DF561ACF2349BA330014F909 /* Main.storyboard */,
				DF561AD42349BA350014F909 /* LaunchScreen.storyboard */,
				DF561AD22349BA350014F909 /* Assets.xcassets */,
				DF561AF623530EE90014F909 /* GoogleService-Info.plist */,
				DF561AD72349BA350014F909 /* Info.plist */,
			);
			path = "Tinder-App";
			sourceTree = "<group>";
		};
		DF561ADD2349BF610014F909 /* Extension */ = {
			isa = PBXGroup;
			children = (
				DF6D67D923659EA900201239 /* Log<T>.swift */,
				DF561AFA23541D590014F909 /* ProgressHUD.swift */,
				DF561AF82353402E0014F909 /* Bindable.swift */,
			);
			path = Extension;
			sourceTree = "<group>";
		};
		DF561AE02349CF2F0014F909 /* Views */ = {
			isa = PBXGroup;
			children = (
				DF524FDA23697B4A00A689E8 /* Message */,
				DF6D67D623653F3D00201239 /* Match */,
				DF50AE1723630BCF00918593 /* Home */,
				DF50AE1623630BAC00918593 /* Settings */,
				DF6D67D82365437700201239 /* Registration */,
				DF50AE1523630B7D00918593 /* MatchView */,
			);
			path = Views;
			sourceTree = "<group>";
		};
		DF561AE7234C90090014F909 /* Model */ = {
			isa = PBXGroup;
			children = (
				DF561AE8234C901E0014F909 /* User.swift */,
				DF524FDB23697B8500A689E8 /* Message.swift */,
				DF561AEE234DBC6A0014F909 /* Advertiser.swift */,
				DF524FE12369812D00A689E8 /* Match.swift */,
			);
			path = Model;
			sourceTree = "<group>";
		};
		DF561AEA234C9E670014F909 /* Controllers */ = {
			isa = PBXGroup;
			children = (
				DF561ACD2349BA330014F909 /* HomeController.swift */,
				DF82A6132359D7BD00C6BDDB /* UserDetailController.swift */,
				DF561AFC2355734C0014F909 /* SettingsController.swift */,
				DF561AF0234F35320014F909 /* RegistrationController.swift */,
				DF201A00235817A2006E663D /* LoginController.swift */,
				DF524FE4236994B800A689E8 /* MatchesHorizontalController.swift */,
				DF6D67D023644CFE00201239 /* MatchesMessagesController.swift */,
				DF524FD62366E49900A689E8 /* ChatLogController.swift */,
			);
			path = Controllers;
			sourceTree = "<group>";
		};
		DF561AEB234C9F180014F909 /* ViewModels */ = {
			isa = PBXGroup;
			children = (
				DF561AEC234C9F570014F909 /* CardViewModel.swift */,
				DF561AF42350A1860014F909 /* RegistrationViewModel.swift */,
				DF201A0323581D37006E663D /* LoginViewModel.swift */,
			);
			path = ViewModels;
			sourceTree = "<group>";
		};
		DF6D67D623653F3D00201239 /* Match */ = {
			isa = PBXGroup;
			children = (
				DF524FEA2369AF0700A689E8 /* HorizontalMatchView */,
				DF6D67D223653B7E00201239 /* MatchesNavBar.swift */,
				DF524FE82369AEA300A689E8 /* RecentMatchesCell.swift */,
				DF524FE62369954B00A689E8 /* MatchesHeader.swift */,
			);
			path = Match;
			sourceTree = "<group>";
		};
		DF6D67D82365437700201239 /* Registration */ = {
			isa = PBXGroup;
			children = (
				DF561AF2234F43D90014F909 /* CustomTextField.swift */,
			);
			path = Registration;
			sourceTree = "<group>";
		};
/* End PBXGroup section */

/* Begin PBXNativeTarget section */
		DF561AC52349BA330014F909 /* Tinder-App */ = {
			isa = PBXNativeTarget;
			buildConfigurationList = DF561ADA2349BA350014F909 /* Build configuration list for PBXNativeTarget "Tinder-App" */;
			buildPhases = (
				EE8CABF68D6F9F9CF6B8C820 /* [CP] Check Pods Manifest.lock */,
				DF561AC22349BA330014F909 /* Sources */,
				DF561AC32349BA330014F909 /* Frameworks */,
				DF561AC42349BA330014F909 /* Resources */,
				D6B6CA8CFF23E05EAD3645FA /* [CP] Embed Pods Frameworks */,
				DF6D67CF2364452900201239 /* Embed Frameworks */,
			);
			buildRules = (
			);
			dependencies = (
			);
			name = "Tinder-App";
			productName = "Tinder-App";
			productReference = DF561AC62349BA330014F909 /* Tinder-App.app */;
			productType = "com.apple.product-type.application";
		};
/* End PBXNativeTarget section */

/* Begin PBXProject section */
		DF561ABE2349BA330014F909 /* Project object */ = {
			isa = PBXProject;
			attributes = {
				LastSwiftUpdateCheck = 1100;
				LastUpgradeCheck = 1100;
				ORGANIZATIONNAME = "Миронов Влад";
				TargetAttributes = {
					DF561AC52349BA330014F909 = {
						CreatedOnToolsVersion = 11.0;
					};
				};
			};
			buildConfigurationList = DF561AC12349BA330014F909 /* Build configuration list for PBXProject "Tinder-App" */;
			compatibilityVersion = "Xcode 9.3";
			developmentRegion = en;
			hasScannedForEncodings = 0;
			knownRegions = (
				en,
				Base,
			);
			mainGroup = DF561ABD2349BA330014F909;
			productRefGroup = DF561AC72349BA330014F909 /* Products */;
			projectDirPath = "";
			projectRoot = "";
			targets = (
				DF561AC52349BA330014F909 /* Tinder-App */,
			);
		};
/* End PBXProject section */

/* Begin PBXResourcesBuildPhase section */
		DF561AC42349BA330014F909 /* Resources */ = {
			isa = PBXResourcesBuildPhase;
			buildActionMask = 2147483647;
			files = (
				DF561AD62349BA350014F909 /* LaunchScreen.storyboard in Resources */,
				DF561AF723530EE90014F909 /* GoogleService-Info.plist in Resources */,
				DF561AD32349BA350014F909 /* Assets.xcassets in Resources */,
				DF561AD12349BA330014F909 /* Main.storyboard in Resources */,
			);
			runOnlyForDeploymentPostprocessing = 0;
		};
/* End PBXResourcesBuildPhase section */

/* Begin PBXShellScriptBuildPhase section */
		D6B6CA8CFF23E05EAD3645FA /* [CP] Embed Pods Frameworks */ = {
			isa = PBXShellScriptBuildPhase;
			buildActionMask = 2147483647;
			files = (
			);
			inputFileListPaths = (
				"${PODS_ROOT}/Target Support Files/Pods-Tinder-App/Pods-Tinder-App-frameworks-${CONFIGURATION}-input-files.xcfilelist",
			);
			name = "[CP] Embed Pods Frameworks";
			outputFileListPaths = (
				"${PODS_ROOT}/Target Support Files/Pods-Tinder-App/Pods-Tinder-App-frameworks-${CONFIGURATION}-output-files.xcfilelist",
			);
			runOnlyForDeploymentPostprocessing = 0;
			shellPath = /bin/sh;
			shellScript = "\"${PODS_ROOT}/Target Support Files/Pods-Tinder-App/Pods-Tinder-App-frameworks.sh\"\n";
			showEnvVarsInLog = 0;
		};
		EE8CABF68D6F9F9CF6B8C820 /* [CP] Check Pods Manifest.lock */ = {
			isa = PBXShellScriptBuildPhase;
			buildActionMask = 2147483647;
			files = (
			);
			inputFileListPaths = (
			);
			inputPaths = (
				"${PODS_PODFILE_DIR_PATH}/Podfile.lock",
				"${PODS_ROOT}/Manifest.lock",
			);
			name = "[CP] Check Pods Manifest.lock";
			outputFileListPaths = (
			);
			outputPaths = (
				"$(DERIVED_FILE_DIR)/Pods-Tinder-App-checkManifestLockResult.txt",
			);
			runOnlyForDeploymentPostprocessing = 0;
			shellPath = /bin/sh;
			shellScript = "diff \"${PODS_PODFILE_DIR_PATH}/Podfile.lock\" \"${PODS_ROOT}/Manifest.lock\" > /dev/null\nif [ $? != 0 ] ; then\n    # print error to STDERR\n    echo \"error: The sandbox is not in sync with the Podfile.lock. Run 'pod install' or update your CocoaPods installation.\" >&2\n    exit 1\nfi\n# This output is used by Xcode 'outputs' to avoid re-running this script phase.\necho \"SUCCESS\" > \"${SCRIPT_OUTPUT_FILE_0}\"\n";
			showEnvVarsInLog = 0;
		};
/* End PBXShellScriptBuildPhase section */

/* Begin PBXSourcesBuildPhase section */
		DF561AC22349BA330014F909 /* Sources */ = {
			isa = PBXSourcesBuildPhase;
			buildActionMask = 2147483647;
			files = (
				DF524FE72369954B00A689E8 /* MatchesHeader.swift in Sources */,
				DF6D67D523653F3700201239 /* MatchCell.swift in Sources */,
				DF561AFF2355B2680014F909 /* SettingCell.swift in Sources */,
				DF561AEF234DBC6A0014F909 /* Advertiser.swift in Sources */,
				DF561AE6234B58480014F909 /* CardView.swift in Sources */,
				DF561ACE2349BA330014F909 /* HomeController.swift in Sources */,
				DF524FE023697C6B00A689E8 /* CustomTextView.swift in Sources */,
				DF524FE92369AEA300A689E8 /* RecentMatchesCell.swift in Sources */,
				DF561AF1234F35320014F909 /* RegistrationController.swift in Sources */,
				DF524FE5236994B800A689E8 /* MatchesHorizontalController.swift in Sources */,
				DF561ACA2349BA330014F909 /* AppDelegate.swift in Sources */,
				DF561AE22349D0080014F909 /* HomeBottomControlStackView.swift in Sources */,
				DF561AE9234C901E0014F909 /* User.swift in Sources */,
				DF50AE142362CD1600918593 /* KeepSwipingButton.swift in Sources */,
				DF82A6182361B0B500C6BDDB /* MatchView.swift in Sources */,
				DF524FD92366F64100A689E8 /* MessagesNavBar.swift in Sources */,
				DF201A0423581D37006E663D /* LoginViewModel.swift in Sources */,
				DF561AE42349F31B0014F909 /* TopNavigationStackView.swift in Sources */,
				DF201A02235817A3006E663D /* LoginController.swift in Sources */,
				DF6D67D123644CFE00201239 /* MatchesMessagesController.swift in Sources */,
				DF561B012356AF740014F909 /* AgeRangeCell.swift in Sources */,
				DF524FDE23697BF400A689E8 /* MessageCell.swift in Sources */,
				DF561AFD2355734C0014F909 /* SettingsController.swift in Sources */,
				DF561AFB23541D590014F909 /* ProgressHUD.swift in Sources */,
				DF561AF92353402E0014F909 /* Bindable.swift in Sources */,
				DF524FDC23697B8500A689E8 /* Message.swift in Sources */,
				DF561AF3234F43D90014F909 /* CustomTextField.swift in Sources */,
				DF561AF52350A1860014F909 /* RegistrationViewModel.swift in Sources */,
				DF524FE22369812D00A689E8 /* Match.swift in Sources */,
				DF82A6142359D7BD00C6BDDB /* UserDetailController.swift in Sources */,
				DF561ACC2349BA330014F909 /* SceneDelegate.swift in Sources */,
				DF6D67DA23659EA900201239 /* Log<T>.swift in Sources */,
				DF50AE122362C1C800918593 /* SendMessageButton.swift in Sources */,
				DF82A616235BFC9E00C6BDDB /* SwipingPhotosController.swift in Sources */,
				DF561AED234C9F570014F909 /* CardViewModel.swift in Sources */,
				DF524FD72366E49900A689E8 /* ChatLogController.swift in Sources */,
				DF6D67D323653B7E00201239 /* MatchesNavBar.swift in Sources */,
			);
			runOnlyForDeploymentPostprocessing = 0;
		};
/* End PBXSourcesBuildPhase section */

/* Begin PBXVariantGroup section */
		DF561ACF2349BA330014F909 /* Main.storyboard */ = {
			isa = PBXVariantGroup;
			children = (
				DF561AD02349BA330014F909 /* Base */,
			);
			name = Main.storyboard;
			sourceTree = "<group>";
		};
		DF561AD42349BA350014F909 /* LaunchScreen.storyboard */ = {
			isa = PBXVariantGroup;
			children = (
				DF561AD52349BA350014F909 /* Base */,
			);
			name = LaunchScreen.storyboard;
			sourceTree = "<group>";
		};
/* End PBXVariantGroup section */

/* Begin XCBuildConfiguration section */
		DF561AD82349BA350014F909 /* Debug */ = {
			isa = XCBuildConfiguration;
			buildSettings = {
				ALWAYS_SEARCH_USER_PATHS = NO;
				CLANG_ANALYZER_NONNULL = YES;
				CLANG_ANALYZER_NUMBER_OBJECT_CONVERSION = YES_AGGRESSIVE;
				CLANG_CXX_LANGUAGE_STANDARD = "gnu++14";
				CLANG_CXX_LIBRARY = "libc++";
				CLANG_ENABLE_MODULES = YES;
				CLANG_ENABLE_OBJC_ARC = YES;
				CLANG_ENABLE_OBJC_WEAK = YES;
				CLANG_WARN_BLOCK_CAPTURE_AUTORELEASING = YES;
				CLANG_WARN_BOOL_CONVERSION = YES;
				CLANG_WARN_COMMA = YES;
				CLANG_WARN_CONSTANT_CONVERSION = YES;
				CLANG_WARN_DEPRECATED_OBJC_IMPLEMENTATIONS = YES;
				CLANG_WARN_DIRECT_OBJC_ISA_USAGE = YES_ERROR;
				CLANG_WARN_DOCUMENTATION_COMMENTS = YES;
				CLANG_WARN_EMPTY_BODY = YES;
				CLANG_WARN_ENUM_CONVERSION = YES;
				CLANG_WARN_INFINITE_RECURSION = YES;
				CLANG_WARN_INT_CONVERSION = YES;
				CLANG_WARN_NON_LITERAL_NULL_CONVERSION = YES;
				CLANG_WARN_OBJC_IMPLICIT_RETAIN_SELF = YES;
				CLANG_WARN_OBJC_LITERAL_CONVERSION = YES;
				CLANG_WARN_OBJC_ROOT_CLASS = YES_ERROR;
				CLANG_WARN_RANGE_LOOP_ANALYSIS = YES;
				CLANG_WARN_STRICT_PROTOTYPES = YES;
				CLANG_WARN_SUSPICIOUS_MOVE = YES;
				CLANG_WARN_UNGUARDED_AVAILABILITY = YES_AGGRESSIVE;
				CLANG_WARN_UNREACHABLE_CODE = YES;
				CLANG_WARN__DUPLICATE_METHOD_MATCH = YES;
				COPY_PHASE_STRIP = NO;
				DEBUG_INFORMATION_FORMAT = dwarf;
				ENABLE_STRICT_OBJC_MSGSEND = YES;
				ENABLE_TESTABILITY = YES;
				GCC_C_LANGUAGE_STANDARD = gnu11;
				GCC_DYNAMIC_NO_PIC = NO;
				GCC_NO_COMMON_BLOCKS = YES;
				GCC_OPTIMIZATION_LEVEL = 0;
				GCC_PREPROCESSOR_DEFINITIONS = (
					"DEBUG=1",
					"$(inherited)",
				);
				GCC_WARN_64_TO_32_BIT_CONVERSION = YES;
				GCC_WARN_ABOUT_RETURN_TYPE = YES_ERROR;
				GCC_WARN_UNDECLARED_SELECTOR = YES;
				GCC_WARN_UNINITIALIZED_AUTOS = YES_AGGRESSIVE;
				GCC_WARN_UNUSED_FUNCTION = YES;
				GCC_WARN_UNUSED_VARIABLE = YES;
				IPHONEOS_DEPLOYMENT_TARGET = 13.0;
				MTL_ENABLE_DEBUG_INFO = INCLUDE_SOURCE;
				MTL_FAST_MATH = YES;
				ONLY_ACTIVE_ARCH = YES;
				SDKROOT = iphoneos;
				SWIFT_ACTIVE_COMPILATION_CONDITIONS = DEBUG;
				SWIFT_OPTIMIZATION_LEVEL = "-Onone";
			};
			name = Debug;
		};
		DF561AD92349BA350014F909 /* Release */ = {
			isa = XCBuildConfiguration;
			buildSettings = {
				ALWAYS_SEARCH_USER_PATHS = NO;
				CLANG_ANALYZER_NONNULL = YES;
				CLANG_ANALYZER_NUMBER_OBJECT_CONVERSION = YES_AGGRESSIVE;
				CLANG_CXX_LANGUAGE_STANDARD = "gnu++14";
				CLANG_CXX_LIBRARY = "libc++";
				CLANG_ENABLE_MODULES = YES;
				CLANG_ENABLE_OBJC_ARC = YES;
				CLANG_ENABLE_OBJC_WEAK = YES;
				CLANG_WARN_BLOCK_CAPTURE_AUTORELEASING = YES;
				CLANG_WARN_BOOL_CONVERSION = YES;
				CLANG_WARN_COMMA = YES;
				CLANG_WARN_CONSTANT_CONVERSION = YES;
				CLANG_WARN_DEPRECATED_OBJC_IMPLEMENTATIONS = YES;
				CLANG_WARN_DIRECT_OBJC_ISA_USAGE = YES_ERROR;
				CLANG_WARN_DOCUMENTATION_COMMENTS = YES;
				CLANG_WARN_EMPTY_BODY = YES;
				CLANG_WARN_ENUM_CONVERSION = YES;
				CLANG_WARN_INFINITE_RECURSION = YES;
				CLANG_WARN_INT_CONVERSION = YES;
				CLANG_WARN_NON_LITERAL_NULL_CONVERSION = YES;
				CLANG_WARN_OBJC_IMPLICIT_RETAIN_SELF = YES;
				CLANG_WARN_OBJC_LITERAL_CONVERSION = YES;
				CLANG_WARN_OBJC_ROOT_CLASS = YES_ERROR;
				CLANG_WARN_RANGE_LOOP_ANALYSIS = YES;
				CLANG_WARN_STRICT_PROTOTYPES = YES;
				CLANG_WARN_SUSPICIOUS_MOVE = YES;
				CLANG_WARN_UNGUARDED_AVAILABILITY = YES_AGGRESSIVE;
				CLANG_WARN_UNREACHABLE_CODE = YES;
				CLANG_WARN__DUPLICATE_METHOD_MATCH = YES;
				COPY_PHASE_STRIP = NO;
				DEBUG_INFORMATION_FORMAT = "dwarf-with-dsym";
				ENABLE_NS_ASSERTIONS = NO;
				ENABLE_STRICT_OBJC_MSGSEND = YES;
				GCC_C_LANGUAGE_STANDARD = gnu11;
				GCC_NO_COMMON_BLOCKS = YES;
				GCC_WARN_64_TO_32_BIT_CONVERSION = YES;
				GCC_WARN_ABOUT_RETURN_TYPE = YES_ERROR;
				GCC_WARN_UNDECLARED_SELECTOR = YES;
				GCC_WARN_UNINITIALIZED_AUTOS = YES_AGGRESSIVE;
				GCC_WARN_UNUSED_FUNCTION = YES;
				GCC_WARN_UNUSED_VARIABLE = YES;
				IPHONEOS_DEPLOYMENT_TARGET = 13.0;
				MTL_ENABLE_DEBUG_INFO = NO;
				MTL_FAST_MATH = YES;
				SDKROOT = iphoneos;
				SWIFT_COMPILATION_MODE = wholemodule;
				SWIFT_OPTIMIZATION_LEVEL = "-O";
				VALIDATE_PRODUCT = YES;
			};
			name = Release;
		};
		DF561ADB2349BA350014F909 /* Debug */ = {
			isa = XCBuildConfiguration;
			baseConfigurationReference = 4827C1DB6D667CD6485126ED /* Pods-Tinder-App.debug.xcconfig */;
			buildSettings = {
				CODE_SIGN_STYLE = Automatic;
				DEVELOPMENT_TEAM = T7BM86Q6MS;
				INFOPLIST_FILE = "Tinder-App/Info.plist";
				IPHONEOS_DEPLOYMENT_TARGET = 13.0;
				LD_RUNPATH_SEARCH_PATHS = (
					"$(inherited)",
					"@executable_path/Frameworks",
				);
				PRODUCT_BUNDLE_IDENTIFIER = "miron.Tinder-App";
				PRODUCT_NAME = "$(TARGET_NAME)";
				SWIFT_VERSION = 5.0;
				TARGETED_DEVICE_FAMILY = "1,2";
			};
			name = Debug;
		};
		DF561ADC2349BA350014F909 /* Release */ = {
			isa = XCBuildConfiguration;
			baseConfigurationReference = 2D3D8FB7B2B7605DB6B34219 /* Pods-Tinder-App.release.xcconfig */;
			buildSettings = {
				CODE_SIGN_STYLE = Automatic;
				DEVELOPMENT_TEAM = T7BM86Q6MS;
				INFOPLIST_FILE = "Tinder-App/Info.plist";
				IPHONEOS_DEPLOYMENT_TARGET = 13.0;
				LD_RUNPATH_SEARCH_PATHS = (
					"$(inherited)",
					"@executable_path/Frameworks",
				);
				PRODUCT_BUNDLE_IDENTIFIER = "miron.Tinder-App";
				PRODUCT_NAME = "$(TARGET_NAME)";
				SWIFT_VERSION = 5.0;
				TARGETED_DEVICE_FAMILY = "1,2";
			};
			name = Release;
		};
/* End XCBuildConfiguration section */

/* Begin XCConfigurationList section */
		DF561AC12349BA330014F909 /* Build configuration list for PBXProject "Tinder-App" */ = {
			isa = XCConfigurationList;
			buildConfigurations = (
				DF561AD82349BA350014F909 /* Debug */,
				DF561AD92349BA350014F909 /* Release */,
			);
			defaultConfigurationIsVisible = 0;
			defaultConfigurationName = Release;
		};
		DF561ADA2349BA350014F909 /* Build configuration list for PBXNativeTarget "Tinder-App" */ = {
			isa = XCConfigurationList;
			buildConfigurations = (
				DF561ADB2349BA350014F909 /* Debug */,
				DF561ADC2349BA350014F909 /* Release */,
			);
			defaultConfigurationIsVisible = 0;
			defaultConfigurationName = Release;
		};
/* End XCConfigurationList section */
	};
	rootObject = DF561ABE2349BA330014F909 /* Project object */;
}
