// !$*UTF8*$!
{
	archiveVersion = 1;
	classes = {
	};
	objectVersion = 50;
	objects = {

/* Begin PBXBuildFile section */
		DF561ACA2349BA330014F909 /* AppDelegate.swift in Sources */ = {isa = PBXBuildFile; fileRef = DF561AC92349BA330014F909 /* AppDelegate.swift */; };
		DF561ACC2349BA330014F909 /* SceneDelegate.swift in Sources */ = {isa = PBXBuildFile; fileRef = DF561ACB2349BA330014F909 /* SceneDelegate.swift */; };
		DF561ACE2349BA330014F909 /* HomeController.swift in Sources */ = {isa = PBXBuildFile; fileRef = DF561ACD2349BA330014F909 /* HomeController.swift */; };
		DF561AD12349BA330014F909 /* Main.storyboard in Resources */ = {isa = PBXBuildFile; fileRef = DF561ACF2349BA330014F909 /* Main.storyboard */; };
		DF561AD32349BA350014F909 /* Assets.xcassets in Resources */ = {isa = PBXBuildFile; fileRef = DF561AD22349BA350014F909 /* Assets.xcassets */; };
		DF561AD62349BA350014F909 /* LaunchScreen.storyboard in Resources */ = {isa = PBXBuildFile; fileRef = DF561AD42349BA350014F909 /* LaunchScreen.storyboard */; };
		DF561ADF2349BFDA0014F909 /* Extensions+UIView.swift in Sources */ = {isa = PBXBuildFile; fileRef = DF561ADE2349BFDA0014F909 /* Extensions+UIView.swift */; };
		DF561AE22349D0080014F909 /* HomeBottomControlStackView.swift in Sources */ = {isa = PBXBuildFile; fileRef = DF561AE12349D0080014F909 /* HomeBottomControlStackView.swift */; };
		DF561AE42349F31B0014F909 /* TopNavigationStackView.swift in Sources */ = {isa = PBXBuildFile; fileRef = DF561AE32349F31B0014F909 /* TopNavigationStackView.swift */; };
		DF561AE6234B58480014F909 /* CardView.swift in Sources */ = {isa = PBXBuildFile; fileRef = DF561AE5234B58480014F909 /* CardView.swift */; };
		DF561AE9234C901E0014F909 /* User.swift in Sources */ = {isa = PBXBuildFile; fileRef = DF561AE8234C901E0014F909 /* User.swift */; };
		DF561AED234C9F570014F909 /* CardViewModel.swift in Sources */ = {isa = PBXBuildFile; fileRef = DF561AEC234C9F570014F909 /* CardViewModel.swift */; };
		DF561AEF234DBC6A0014F909 /* Advertiser.swift in Sources */ = {isa = PBXBuildFile; fileRef = DF561AEE234DBC6A0014F909 /* Advertiser.swift */; };
		DF561AF1234F35320014F909 /* RegistrationViewController.swift in Sources */ = {isa = PBXBuildFile; fileRef = DF561AF0234F35320014F909 /* RegistrationViewController.swift */; };
		DF561AF3234F43D90014F909 /* CustomTextField.swift in Sources */ = {isa = PBXBuildFile; fileRef = DF561AF2234F43D90014F909 /* CustomTextField.swift */; };
/* End PBXBuildFile section */

/* Begin PBXFileReference section */
		DF561AC62349BA330014F909 /* Tinder-App.app */ = {isa = PBXFileReference; explicitFileType = wrapper.application; includeInIndex = 0; path = "Tinder-App.app"; sourceTree = BUILT_PRODUCTS_DIR; };
		DF561AC92349BA330014F909 /* AppDelegate.swift */ = {isa = PBXFileReference; lastKnownFileType = sourcecode.swift; path = AppDelegate.swift; sourceTree = "<group>"; };
		DF561ACB2349BA330014F909 /* SceneDelegate.swift */ = {isa = PBXFileReference; lastKnownFileType = sourcecode.swift; path = SceneDelegate.swift; sourceTree = "<group>"; };
		DF561ACD2349BA330014F909 /* HomeController.swift */ = {isa = PBXFileReference; lastKnownFileType = sourcecode.swift; path = HomeController.swift; sourceTree = "<group>"; };
		DF561AD02349BA330014F909 /* Base */ = {isa = PBXFileReference; lastKnownFileType = file.storyboard; name = Base; path = Base.lproj/Main.storyboard; sourceTree = "<group>"; };
		DF561AD22349BA350014F909 /* Assets.xcassets */ = {isa = PBXFileReference; lastKnownFileType = folder.assetcatalog; path = Assets.xcassets; sourceTree = "<group>"; };
		DF561AD52349BA350014F909 /* Base */ = {isa = PBXFileReference; lastKnownFileType = file.storyboard; name = Base; path = Base.lproj/LaunchScreen.storyboard; sourceTree = "<group>"; };
		DF561AD72349BA350014F909 /* Info.plist */ = {isa = PBXFileReference; lastKnownFileType = text.plist.xml; path = Info.plist; sourceTree = "<group>"; };
		DF561ADE2349BFDA0014F909 /* Extensions+UIView.swift */ = {isa = PBXFileReference; fileEncoding = 4; lastKnownFileType = sourcecode.swift; path = "Extensions+UIView.swift"; sourceTree = "<group>"; };
		DF561AE12349D0080014F909 /* HomeBottomControlStackView.swift */ = {isa = PBXFileReference; lastKnownFileType = sourcecode.swift; path = HomeBottomControlStackView.swift; sourceTree = "<group>"; };
		DF561AE32349F31B0014F909 /* TopNavigationStackView.swift */ = {isa = PBXFileReference; lastKnownFileType = sourcecode.swift; path = TopNavigationStackView.swift; sourceTree = "<group>"; };
		DF561AE5234B58480014F909 /* CardView.swift */ = {isa = PBXFileReference; lastKnownFileType = sourcecode.swift; path = CardView.swift; sourceTree = "<group>"; };
		DF561AE8234C901E0014F909 /* User.swift */ = {isa = PBXFileReference; lastKnownFileType = sourcecode.swift; path = User.swift; sourceTree = "<group>"; };
		DF561AEC234C9F570014F909 /* CardViewModel.swift */ = {isa = PBXFileReference; lastKnownFileType = sourcecode.swift; path = CardViewModel.swift; sourceTree = "<group>"; };
		DF561AEE234DBC6A0014F909 /* Advertiser.swift */ = {isa = PBXFileReference; lastKnownFileType = sourcecode.swift; path = Advertiser.swift; sourceTree = "<group>"; };
		DF561AF0234F35320014F909 /* RegistrationViewController.swift */ = {isa = PBXFileReference; lastKnownFileType = sourcecode.swift; path = RegistrationViewController.swift; sourceTree = "<group>"; };
		DF561AF2234F43D90014F909 /* CustomTextField.swift */ = {isa = PBXFileReference; lastKnownFileType = sourcecode.swift; path = CustomTextField.swift; sourceTree = "<group>"; };
/* End PBXFileReference section */

/* Begin PBXFrameworksBuildPhase section */
		DF561AC32349BA330014F909 /* Frameworks */ = {
			isa = PBXFrameworksBuildPhase;
			buildActionMask = 2147483647;
			files = (
			);
			runOnlyForDeploymentPostprocessing = 0;
		};
/* End PBXFrameworksBuildPhase section */

/* Begin PBXGroup section */
		DF561ABD2349BA330014F909 = {
			isa = PBXGroup;
			children = (
				DF561AC82349BA330014F909 /* Tinder-App */,
				DF561AC72349BA330014F909 /* Products */,
			);
			sourceTree = "<group>";
		};
		DF561AC72349BA330014F909 /* Products */ = {
			isa = PBXGroup;
			children = (
				DF561AC62349BA330014F909 /* Tinder-App.app */,
			);
			name = Products;
			sourceTree = "<group>";
		};
		DF561AC82349BA330014F909 /* Tinder-App */ = {
			isa = PBXGroup;
			children = (
				DF561AEB234C9F180014F909 /* ViewModels */,
				DF561AEA234C9E670014F909 /* Controllers */,
				DF561AE7234C90090014F909 /* Model */,
				DF561AE02349CF2F0014F909 /* Views */,
				DF561ADD2349BF610014F909 /* Extension */,
				DF561ACB2349BA330014F909 /* SceneDelegate.swift */,
				DF561AC92349BA330014F909 /* AppDelegate.swift */,
				DF561ACF2349BA330014F909 /* Main.storyboard */,
				DF561AD42349BA350014F909 /* LaunchScreen.storyboard */,
				DF561AD22349BA350014F909 /* Assets.xcassets */,
				DF561AD72349BA350014F909 /* Info.plist */,
			);
			path = "Tinder-App";
			sourceTree = "<group>";
		};
		DF561ADD2349BF610014F909 /* Extension */ = {
			isa = PBXGroup;
			children = (
				DF561ADE2349BFDA0014F909 /* Extensions+UIView.swift */,
			);
			path = Extension;
			sourceTree = "<group>";
		};
		DF561AE02349CF2F0014F909 /* Views */ = {
			isa = PBXGroup;
			children = (
				DF561AE32349F31B0014F909 /* TopNavigationStackView.swift */,
				DF561AE5234B58480014F909 /* CardView.swift */,
				DF561AE12349D0080014F909 /* HomeBottomControlStackView.swift */,
				DF561AF2234F43D90014F909 /* CustomTextField.swift */,
			);
			path = Views;
			sourceTree = "<group>";
		};
		DF561AE7234C90090014F909 /* Model */ = {
			isa = PBXGroup;
			children = (
				DF561AE8234C901E0014F909 /* User.swift */,
				DF561AEE234DBC6A0014F909 /* Advertiser.swift */,
			);
			path = Model;
			sourceTree = "<group>";
		};
		DF561AEA234C9E670014F909 /* Controllers */ = {
			isa = PBXGroup;
			children = (
				DF561ACD2349BA330014F909 /* HomeController.swift */,
				DF561AF0234F35320014F909 /* RegistrationViewController.swift */,
			);
			path = Controllers;
			sourceTree = "<group>";
		};
		DF561AEB234C9F180014F909 /* ViewModels */ = {
			isa = PBXGroup;
			children = (
				DF561AEC234C9F570014F909 /* CardViewModel.swift */,
			);
			path = ViewModels;
			sourceTree = "<group>";
		};
/* End PBXGroup section */

/* Begin PBXNativeTarget section */
		DF561AC52349BA330014F909 /* Tinder-App */ = {
			isa = PBXNativeTarget;
			buildConfigurationList = DF561ADA2349BA350014F909 /* Build configuration list for PBXNativeTarget "Tinder-App" */;
			buildPhases = (
				DF561AC22349BA330014F909 /* Sources */,
				DF561AC32349BA330014F909 /* Frameworks */,
				DF561AC42349BA330014F909 /* Resources */,
			);
			buildRules = (
			);
			dependencies = (
			);
			name = "Tinder-App";
			productName = "Tinder-App";
			productReference = DF561AC62349BA330014F909 /* Tinder-App.app */;
			productType = "com.apple.product-type.application";
		};
/* End PBXNativeTarget section */

/* Begin PBXProject section */
		DF561ABE2349BA330014F909 /* Project object */ = {
			isa = PBXProject;
			attributes = {
				LastSwiftUpdateCheck = 1100;
				LastUpgradeCheck = 1100;
				ORGANIZATIONNAME = "Миронов Влад";
				TargetAttributes = {
					DF561AC52349BA330014F909 = {
						CreatedOnToolsVersion = 11.0;
					};
				};
			};
			buildConfigurationList = DF561AC12349BA330014F909 /* Build configuration list for PBXProject "Tinder-App" */;
			compatibilityVersion = "Xcode 9.3";
			developmentRegion = en;
			hasScannedForEncodings = 0;
			knownRegions = (
				en,
				Base,
			);
			mainGroup = DF561ABD2349BA330014F909;
			productRefGroup = DF561AC72349BA330014F909 /* Products */;
			projectDirPath = "";
			projectRoot = "";
			targets = (
				DF561AC52349BA330014F909 /* Tinder-App */,
			);
		};
/* End PBXProject section */

/* Begin PBXResourcesBuildPhase section */
		DF561AC42349BA330014F909 /* Resources */ = {
			isa = PBXResourcesBuildPhase;
			buildActionMask = 2147483647;
			files = (
				DF561AD62349BA350014F909 /* LaunchScreen.storyboard in Resources */,
				DF561AD32349BA350014F909 /* Assets.xcassets in Resources */,
				DF561AD12349BA330014F909 /* Main.storyboard in Resources */,
			);
			runOnlyForDeploymentPostprocessing = 0;
		};
/* End PBXResourcesBuildPhase section */

/* Begin PBXSourcesBuildPhase section */
		DF561AC22349BA330014F909 /* Sources */ = {
			isa = PBXSourcesBuildPhase;
			buildActionMask = 2147483647;
			files = (
				DF561AEF234DBC6A0014F909 /* Advertiser.swift in Sources */,
				DF561AE6234B58480014F909 /* CardView.swift in Sources */,
				DF561ACE2349BA330014F909 /* HomeController.swift in Sources */,
				DF561AF1234F35320014F909 /* RegistrationViewController.swift in Sources */,
				DF561ACA2349BA330014F909 /* AppDelegate.swift in Sources */,
				DF561AE22349D0080014F909 /* HomeBottomControlStackView.swift in Sources */,
				DF561AE9234C901E0014F909 /* User.swift in Sources */,
				DF561AE42349F31B0014F909 /* TopNavigationStackView.swift in Sources */,
				DF561AF3234F43D90014F909 /* CustomTextField.swift in Sources */,
				DF561ADF2349BFDA0014F909 /* Extensions+UIView.swift in Sources */,
				DF561ACC2349BA330014F909 /* SceneDelegate.swift in Sources */,
				DF561AED234C9F570014F909 /* CardViewModel.swift in Sources */,
			);
			runOnlyForDeploymentPostprocessing = 0;
		};
/* End PBXSourcesBuildPhase section */

/* Begin PBXVariantGroup section */
		DF561ACF2349BA330014F909 /* Main.storyboard */ = {
			isa = PBXVariantGroup;
			children = (
				DF561AD02349BA330014F909 /* Base */,
			);
			name = Main.storyboard;
			sourceTree = "<group>";
		};
		DF561AD42349BA350014F909 /* LaunchScreen.storyboard */ = {
			isa = PBXVariantGroup;
			children = (
				DF561AD52349BA350014F909 /* Base */,
			);
			name = LaunchScreen.storyboard;
			sourceTree = "<group>";
		};
/* End PBXVariantGroup section */

/* Begin XCBuildConfiguration section */
		DF561AD82349BA350014F909 /* Debug */ = {
			isa = XCBuildConfiguration;
			buildSettings = {
				ALWAYS_SEARCH_USER_PATHS = NO;
				CLANG_ANALYZER_NONNULL = YES;
				CLANG_ANALYZER_NUMBER_OBJECT_CONVERSION = YES_AGGRESSIVE;
				CLANG_CXX_LANGUAGE_STANDARD = "gnu++14";
				CLANG_CXX_LIBRARY = "libc++";
				CLANG_ENABLE_MODULES = YES;
				CLANG_ENABLE_OBJC_ARC = YES;
				CLANG_ENABLE_OBJC_WEAK = YES;
				CLANG_WARN_BLOCK_CAPTURE_AUTORELEASING = YES;
				CLANG_WARN_BOOL_CONVERSION = YES;
				CLANG_WARN_COMMA = YES;
				CLANG_WARN_CONSTANT_CONVERSION = YES;
				CLANG_WARN_DEPRECATED_OBJC_IMPLEMENTATIONS = YES;
				CLANG_WARN_DIRECT_OBJC_ISA_USAGE = YES_ERROR;
				CLANG_WARN_DOCUMENTATION_COMMENTS = YES;
				CLANG_WARN_EMPTY_BODY = YES;
				CLANG_WARN_ENUM_CONVERSION = YES;
				CLANG_WARN_INFINITE_RECURSION = YES;
				CLANG_WARN_INT_CONVERSION = YES;
				CLANG_WARN_NON_LITERAL_NULL_CONVERSION = YES;
				CLANG_WARN_OBJC_IMPLICIT_RETAIN_SELF = YES;
				CLANG_WARN_OBJC_LITERAL_CONVERSION = YES;
				CLANG_WARN_OBJC_ROOT_CLASS = YES_ERROR;
				CLANG_WARN_RANGE_LOOP_ANALYSIS = YES;
				CLANG_WARN_STRICT_PROTOTYPES = YES;
				CLANG_WARN_SUSPICIOUS_MOVE = YES;
				CLANG_WARN_UNGUARDED_AVAILABILITY = YES_AGGRESSIVE;
				CLANG_WARN_UNREACHABLE_CODE = YES;
				CLANG_WARN__DUPLICATE_METHOD_MATCH = YES;
				COPY_PHASE_STRIP = NO;
				DEBUG_INFORMATION_FORMAT = dwarf;
				ENABLE_STRICT_OBJC_MSGSEND = YES;
				ENABLE_TESTABILITY = YES;
				GCC_C_LANGUAGE_STANDARD = gnu11;
				GCC_DYNAMIC_NO_PIC = NO;
				GCC_NO_COMMON_BLOCKS = YES;
				GCC_OPTIMIZATION_LEVEL = 0;
				GCC_PREPROCESSOR_DEFINITIONS = (
					"DEBUG=1",
					"$(inherited)",
				);
				GCC_WARN_64_TO_32_BIT_CONVERSION = YES;
				GCC_WARN_ABOUT_RETURN_TYPE = YES_ERROR;
				GCC_WARN_UNDECLARED_SELECTOR = YES;
				GCC_WARN_UNINITIALIZED_AUTOS = YES_AGGRESSIVE;
				GCC_WARN_UNUSED_FUNCTION = YES;
				GCC_WARN_UNUSED_VARIABLE = YES;
				IPHONEOS_DEPLOYMENT_TARGET = 13.0;
				MTL_ENABLE_DEBUG_INFO = INCLUDE_SOURCE;
				MTL_FAST_MATH = YES;
				ONLY_ACTIVE_ARCH = YES;
				SDKROOT = iphoneos;
				SWIFT_ACTIVE_COMPILATION_CONDITIONS = DEBUG;
				SWIFT_OPTIMIZATION_LEVEL = "-Onone";
			};
			name = Debug;
		};
		DF561AD92349BA350014F909 /* Release */ = {
			isa = XCBuildConfiguration;
			buildSettings = {
				ALWAYS_SEARCH_USER_PATHS = NO;
				CLANG_ANALYZER_NONNULL = YES;
				CLANG_ANALYZER_NUMBER_OBJECT_CONVERSION = YES_AGGRESSIVE;
				CLANG_CXX_LANGUAGE_STANDARD = "gnu++14";
				CLANG_CXX_LIBRARY = "libc++";
				CLANG_ENABLE_MODULES = YES;
				CLANG_ENABLE_OBJC_ARC = YES;
				CLANG_ENABLE_OBJC_WEAK = YES;
				CLANG_WARN_BLOCK_CAPTURE_AUTORELEASING = YES;
				CLANG_WARN_BOOL_CONVERSION = YES;
				CLANG_WARN_COMMA = YES;
				CLANG_WARN_CONSTANT_CONVERSION = YES;
				CLANG_WARN_DEPRECATED_OBJC_IMPLEMENTATIONS = YES;
				CLANG_WARN_DIRECT_OBJC_ISA_USAGE = YES_ERROR;
				CLANG_WARN_DOCUMENTATION_COMMENTS = YES;
				CLANG_WARN_EMPTY_BODY = YES;
				CLANG_WARN_ENUM_CONVERSION = YES;
				CLANG_WARN_INFINITE_RECURSION = YES;
				CLANG_WARN_INT_CONVERSION = YES;
				CLANG_WARN_NON_LITERAL_NULL_CONVERSION = YES;
				CLANG_WARN_OBJC_IMPLICIT_RETAIN_SELF = YES;
				CLANG_WARN_OBJC_LITERAL_CONVERSION = YES;
				CLANG_WARN_OBJC_ROOT_CLASS = YES_ERROR;
				CLANG_WARN_RANGE_LOOP_ANALYSIS = YES;
				CLANG_WARN_STRICT_PROTOTYPES = YES;
				CLANG_WARN_SUSPICIOUS_MOVE = YES;
				CLANG_WARN_UNGUARDED_AVAILABILITY = YES_AGGRESSIVE;
				CLANG_WARN_UNREACHABLE_CODE = YES;
				CLANG_WARN__DUPLICATE_METHOD_MATCH = YES;
				COPY_PHASE_STRIP = NO;
				DEBUG_INFORMATION_FORMAT = "dwarf-with-dsym";
				ENABLE_NS_ASSERTIONS = NO;
				ENABLE_STRICT_OBJC_MSGSEND = YES;
				GCC_C_LANGUAGE_STANDARD = gnu11;
				GCC_NO_COMMON_BLOCKS = YES;
				GCC_WARN_64_TO_32_BIT_CONVERSION = YES;
				GCC_WARN_ABOUT_RETURN_TYPE = YES_ERROR;
				GCC_WARN_UNDECLARED_SELECTOR = YES;
				GCC_WARN_UNINITIALIZED_AUTOS = YES_AGGRESSIVE;
				GCC_WARN_UNUSED_FUNCTION = YES;
				GCC_WARN_UNUSED_VARIABLE = YES;
				IPHONEOS_DEPLOYMENT_TARGET = 13.0;
				MTL_ENABLE_DEBUG_INFO = NO;
				MTL_FAST_MATH = YES;
				SDKROOT = iphoneos;
				SWIFT_COMPILATION_MODE = wholemodule;
				SWIFT_OPTIMIZATION_LEVEL = "-O";
				VALIDATE_PRODUCT = YES;
			};
			name = Release;
		};
		DF561ADB2349BA350014F909 /* Debug */ = {
			isa = XCBuildConfiguration;
			buildSettings = {
				ASSETCATALOG_COMPILER_APPICON_NAME = AppIcon;
				CODE_SIGN_STYLE = Automatic;
				DEVELOPMENT_TEAM = T7BM86Q6MS;
				INFOPLIST_FILE = "Tinder-App/Info.plist";
				LD_RUNPATH_SEARCH_PATHS = (
					"$(inherited)",
					"@executable_path/Frameworks",
				);
				PRODUCT_BUNDLE_IDENTIFIER = "miron.Tinder-App";
				PRODUCT_NAME = "$(TARGET_NAME)";
				SWIFT_VERSION = 5.0;
				TARGETED_DEVICE_FAMILY = "1,2";
			};
			name = Debug;
		};
		DF561ADC2349BA350014F909 /* Release */ = {
			isa = XCBuildConfiguration;
			buildSettings = {
				ASSETCATALOG_COMPILER_APPICON_NAME = AppIcon;
				CODE_SIGN_STYLE = Automatic;
				DEVELOPMENT_TEAM = T7BM86Q6MS;
				INFOPLIST_FILE = "Tinder-App/Info.plist";
				LD_RUNPATH_SEARCH_PATHS = (
					"$(inherited)",
					"@executable_path/Frameworks",
				);
				PRODUCT_BUNDLE_IDENTIFIER = "miron.Tinder-App";
				PRODUCT_NAME = "$(TARGET_NAME)";
				SWIFT_VERSION = 5.0;
				TARGETED_DEVICE_FAMILY = "1,2";
			};
			name = Release;
		};
/* End XCBuildConfiguration section */

/* Begin XCConfigurationList section */
		DF561AC12349BA330014F909 /* Build configuration list for PBXProject "Tinder-App" */ = {
			isa = XCConfigurationList;
			buildConfigurations = (
				DF561AD82349BA350014F909 /* Debug */,
				DF561AD92349BA350014F909 /* Release */,
			);
			defaultConfigurationIsVisible = 0;
			defaultConfigurationName = Release;
		};
		DF561ADA2349BA350014F909 /* Build configuration list for PBXNativeTarget "Tinder-App" */ = {
			isa = XCConfigurationList;
			buildConfigurations = (
				DF561ADB2349BA350014F909 /* Debug */,
				DF561ADC2349BA350014F909 /* Release */,
			);
			defaultConfigurationIsVisible = 0;
			defaultConfigurationName = Release;
		};
/* End XCConfigurationList section */
	};
	rootObject = DF561ABE2349BA330014F909 /* Project object */;
}
